
Microsoft Visual Studio Solution File, Format Version 12.00
# Visual Studio 15
VisualStudioVersion = 15.0.28010.2048
MinimumVisualStudioVersion = 10.0.40219.1
Project("{FAE04EC0-301F-11D3-BF4B-00C04F79EFBC}") = "TenForce01", "TenForce01\TenForce01.csproj", "{F34451E6-7A4C-44D3-9CA1-24A25C7DA04E}"
EndProject
Global
	GlobalSection(SolutionConfigurationPlatforms) = preSolution
		Debug|Any CPU = Debug|Any CPU
		Release|Any CPU = Release|Any CPU
	EndGlobalSection
	GlobalSection(ProjectConfigurationPlatforms) = postSolution
		{F34451E6-7A4C-44D3-9CA1-24A25C7DA04E}.Debug|Any CPU.ActiveCfg = Debug|Any CPU
		{F34451E6-7A4C-44D3-9CA1-24A25C7DA04E}.Debug|Any CPU.Build.0 = Debug|Any CPU
		{F34451E6-7A4C-44D3-9CA1-24A25C7DA04E}.Release|Any CPU.ActiveCfg = Release|Any CPU
		{F34451E6-7A4C-44D3-9CA1-24A25C7DA04E}.Release|Any CPU.Build.0 = Release|Any CPU
	EndGlobalSection
	GlobalSection(SolutionProperties) = preSolution
		HideSolutionNode = FALSE
	EndGlobalSection
	GlobalSection(ExtensibilityGlobals) = postSolution
		SolutionGuid = {EF679646-CFEC-475A-9C8F-505AE48AF8BC}
	EndGlobalSection
EndGlobal
